// !$*UTF8*$!
{
	archiveVersion = 1;
	classes = {
	};
	objectVersion = 55;
	objects = {

/* Begin PBXBuildFile section */
		84CEC56C28648ED00099357E /* AppDelegate.swift in Sources */ = {isa = PBXBuildFile; fileRef = 84CEC56B28648ED00099357E /* AppDelegate.swift */; };
		84CEC56E28648ED00099357E /* SceneDelegate.swift in Sources */ = {isa = PBXBuildFile; fileRef = 84CEC56D28648ED00099357E /* SceneDelegate.swift */; };
		84CEC57028648ED00099357E /* ConversationsViewController.swift in Sources */ = {isa = PBXBuildFile; fileRef = 84CEC56F28648ED00099357E /* ConversationsViewController.swift */; };
		84CEC57328648ED00099357E /* Main.storyboard in Resources */ = {isa = PBXBuildFile; fileRef = 84CEC57128648ED00099357E /* Main.storyboard */; };
		84CEC57528648ED50099357E /* Assets.xcassets in Resources */ = {isa = PBXBuildFile; fileRef = 84CEC57428648ED50099357E /* Assets.xcassets */; };
		84CEC57828648ED50099357E /* LaunchScreen.storyboard in Resources */ = {isa = PBXBuildFile; fileRef = 84CEC57628648ED50099357E /* LaunchScreen.storyboard */; };
		84CEC585286497920099357E /* LoginViewController.swift in Sources */ = {isa = PBXBuildFile; fileRef = 84CEC584286497920099357E /* LoginViewController.swift */; };
		84CEC587286497A30099357E /* RegisterViewController.swift in Sources */ = {isa = PBXBuildFile; fileRef = 84CEC586286497A30099357E /* RegisterViewController.swift */; };
		84CEC589286498470099357E /* PhotoViewerViewController.swift in Sources */ = {isa = PBXBuildFile; fileRef = 84CEC588286498470099357E /* PhotoViewerViewController.swift */; };
		84CEC58B2864985C0099357E /* VideoPlayerViewController.swift in Sources */ = {isa = PBXBuildFile; fileRef = 84CEC58A2864985C0099357E /* VideoPlayerViewController.swift */; };
		84CEC58D286498830099357E /* NewConversationViewController.swift in Sources */ = {isa = PBXBuildFile; fileRef = 84CEC58C286498830099357E /* NewConversationViewController.swift */; };
		84CEC58F286498980099357E /* ProfileViewController.swift in Sources */ = {isa = PBXBuildFile; fileRef = 84CEC58E286498980099357E /* ProfileViewController.swift */; };
/* End PBXBuildFile section */

/* Begin PBXFileReference section */
		84CEC56828648ED00099357E /* ApnaConnect.app */ = {isa = PBXFileReference; explicitFileType = wrapper.application; includeInIndex = 0; path = ApnaConnect.app; sourceTree = BUILT_PRODUCTS_DIR; };
		84CEC56B28648ED00099357E /* AppDelegate.swift */ = {isa = PBXFileReference; lastKnownFileType = sourcecode.swift; path = AppDelegate.swift; sourceTree = "<group>"; };
		84CEC56D28648ED00099357E /* SceneDelegate.swift */ = {isa = PBXFileReference; lastKnownFileType = sourcecode.swift; path = SceneDelegate.swift; sourceTree = "<group>"; };
		84CEC56F28648ED00099357E /* ConversationsViewController.swift */ = {isa = PBXFileReference; lastKnownFileType = sourcecode.swift; path = ConversationsViewController.swift; sourceTree = "<group>"; };
		84CEC57228648ED00099357E /* Base */ = {isa = PBXFileReference; lastKnownFileType = file.storyboard; name = Base; path = Base.lproj/Main.storyboard; sourceTree = "<group>"; };
		84CEC57428648ED50099357E /* Assets.xcassets */ = {isa = PBXFileReference; lastKnownFileType = folder.assetcatalog; path = Assets.xcassets; sourceTree = "<group>"; };
		84CEC57728648ED50099357E /* Base */ = {isa = PBXFileReference; lastKnownFileType = file.storyboard; name = Base; path = Base.lproj/LaunchScreen.storyboard; sourceTree = "<group>"; };
		84CEC57928648ED50099357E /* Info.plist */ = {isa = PBXFileReference; lastKnownFileType = text.plist.xml; path = Info.plist; sourceTree = "<group>"; };
		84CEC584286497920099357E /* LoginViewController.swift */ = {isa = PBXFileReference; lastKnownFileType = sourcecode.swift; path = LoginViewController.swift; sourceTree = "<group>"; };
		84CEC586286497A30099357E /* RegisterViewController.swift */ = {isa = PBXFileReference; lastKnownFileType = sourcecode.swift; path = RegisterViewController.swift; sourceTree = "<group>"; };
		84CEC588286498470099357E /* PhotoViewerViewController.swift */ = {isa = PBXFileReference; lastKnownFileType = sourcecode.swift; path = PhotoViewerViewController.swift; sourceTree = "<group>"; };
		84CEC58A2864985C0099357E /* VideoPlayerViewController.swift */ = {isa = PBXFileReference; lastKnownFileType = sourcecode.swift; path = VideoPlayerViewController.swift; sourceTree = "<group>"; };
		84CEC58C286498830099357E /* NewConversationViewController.swift */ = {isa = PBXFileReference; lastKnownFileType = sourcecode.swift; path = NewConversationViewController.swift; sourceTree = "<group>"; };
		84CEC58E286498980099357E /* ProfileViewController.swift */ = {isa = PBXFileReference; lastKnownFileType = sourcecode.swift; path = ProfileViewController.swift; sourceTree = "<group>"; };
/* End PBXFileReference section */

/* Begin PBXFrameworksBuildPhase section */
		84CEC56528648ED00099357E /* Frameworks */ = {
			isa = PBXFrameworksBuildPhase;
			buildActionMask = 2147483647;
			files = (
			);
			runOnlyForDeploymentPostprocessing = 0;
		};
/* End PBXFrameworksBuildPhase section */

/* Begin PBXGroup section */
		84CEC55F28648ED00099357E = {
			isa = PBXGroup;
			children = (
				84CEC56A28648ED00099357E /* ApnaConnect */,
				84CEC56928648ED00099357E /* Products */,
			);
			sourceTree = "<group>";
		};
		84CEC56928648ED00099357E /* Products */ = {
			isa = PBXGroup;
			children = (
				84CEC56828648ED00099357E /* ApnaConnect.app */,
			);
			name = Products;
			sourceTree = "<group>";
		};
		84CEC56A28648ED00099357E /* ApnaConnect */ = {
			isa = PBXGroup;
			children = (
				84CEC583286495D20099357E /* Resources */,
				84CEC582286495C10099357E /* ViewModels */,
				84CEC581286495B60099357E /* Models */,
				84CEC580286495A20099357E /* Views */,
				84CEC57F286495950099357E /* Controllers */,
				84CEC57928648ED50099357E /* Info.plist */,
			);
			path = ApnaConnect;
			sourceTree = "<group>";
		};
		84CEC57F286495950099357E /* Controllers */ = {
			isa = PBXGroup;
			children = (
				84CEC56F28648ED00099357E /* ConversationsViewController.swift */,
				84CEC584286497920099357E /* LoginViewController.swift */,
				84CEC586286497A30099357E /* RegisterViewController.swift */,
				84CEC588286498470099357E /* PhotoViewerViewController.swift */,
				84CEC58A2864985C0099357E /* VideoPlayerViewController.swift */,
				84CEC58C286498830099357E /* NewConversationViewController.swift */,
				84CEC58E286498980099357E /* ProfileViewController.swift */,
			);
			path = Controllers;
			sourceTree = "<group>";
		};
		84CEC580286495A20099357E /* Views */ = {
			isa = PBXGroup;
			children = (
				84CEC57128648ED00099357E /* Main.storyboard */,
				84CEC57428648ED50099357E /* Assets.xcassets */,
				84CEC57628648ED50099357E /* LaunchScreen.storyboard */,
			);
			path = Views;
			sourceTree = "<group>";
		};
		84CEC581286495B60099357E /* Models */ = {
			isa = PBXGroup;
			children = (
			);
			path = Models;
			sourceTree = "<group>";
		};
		84CEC582286495C10099357E /* ViewModels */ = {
			isa = PBXGroup;
			children = (
			);
			path = ViewModels;
			sourceTree = "<group>";
		};
		84CEC583286495D20099357E /* Resources */ = {
			isa = PBXGroup;
			children = (
				84CEC56B28648ED00099357E /* AppDelegate.swift */,
				84CEC56D28648ED00099357E /* SceneDelegate.swift */,
			);
			path = Resources;
			sourceTree = "<group>";
		};
/* End PBXGroup section */

/* Begin PBXNativeTarget section */
		84CEC56728648ED00099357E /* ApnaConnect */ = {
			isa = PBXNativeTarget;
			buildConfigurationList = 84CEC57C28648ED50099357E /* Build configuration list for PBXNativeTarget "ApnaConnect" */;
			buildPhases = (
				84CEC56428648ED00099357E /* Sources */,
				84CEC56528648ED00099357E /* Frameworks */,
				84CEC56628648ED00099357E /* Resources */,
			);
			buildRules = (
			);
			dependencies = (
			);
			name = ApnaConnect;
			productName = ApnaConnect;
			productReference = 84CEC56828648ED00099357E /* ApnaConnect.app */;
			productType = "com.apple.product-type.application";
		};
/* End PBXNativeTarget section */

/* Begin PBXProject section */
		84CEC56028648ED00099357E /* Project object */ = {
			isa = PBXProject;
			attributes = {
				BuildIndependentTargetsInParallel = 1;
				LastSwiftUpdateCheck = 1340;
				LastUpgradeCheck = 1340;
				TargetAttributes = {
					84CEC56728648ED00099357E = {
						CreatedOnToolsVersion = 13.4.1;
					};
				};
			};
			buildConfigurationList = 84CEC56328648ED00099357E /* Build configuration list for PBXProject "ApnaConnect" */;
			compatibilityVersion = "Xcode 13.0";
			developmentRegion = en;
			hasScannedForEncodings = 0;
			knownRegions = (
				en,
				Base,
			);
			mainGroup = 84CEC55F28648ED00099357E;
			productRefGroup = 84CEC56928648ED00099357E /* Products */;
			projectDirPath = "";
			projectRoot = "";
			targets = (
				84CEC56728648ED00099357E /* ApnaConnect */,
			);
		};
/* End PBXProject section */

/* Begin PBXResourcesBuildPhase section */
		84CEC56628648ED00099357E /* Resources */ = {
			isa = PBXResourcesBuildPhase;
			buildActionMask = 2147483647;
			files = (
				84CEC57828648ED50099357E /* LaunchScreen.storyboard in Resources */,
				84CEC57528648ED50099357E /* Assets.xcassets in Resources */,
				84CEC57328648ED00099357E /* Main.storyboard in Resources */,
			);
			runOnlyForDeploymentPostprocessing = 0;
		};
/* End PBXResourcesBuildPhase section */

/* Begin PBXSourcesBuildPhase section */
		84CEC56428648ED00099357E /* Sources */ = {
			isa = PBXSourcesBuildPhase;
			buildActionMask = 2147483647;
			files = (
				84CEC585286497920099357E /* LoginViewController.swift in Sources */,
				84CEC587286497A30099357E /* RegisterViewController.swift in Sources */,
				84CEC58D286498830099357E /* NewConversationViewController.swift in Sources */,
				84CEC57028648ED00099357E /* ConversationsViewController.swift in Sources */,
				84CEC58B2864985C0099357E /* VideoPlayerViewController.swift in Sources */,
				84CEC56C28648ED00099357E /* AppDelegate.swift in Sources */,
				84CEC58F286498980099357E /* ProfileViewController.swift in Sources */,
				84CEC56E28648ED00099357E /* SceneDelegate.swift in Sources */,
				84CEC589286498470099357E /* PhotoViewerViewController.swift in Sources */,
			);
			runOnlyForDeploymentPostprocessing = 0;
		};
/* End PBXSourcesBuildPhase section */

/* Begin PBXVariantGroup section */
		84CEC57128648ED00099357E /* Main.storyboard */ = {
			isa = PBXVariantGroup;
			children = (
				84CEC57228648ED00099357E /* Base */,
			);
			name = Main.storyboard;
			sourceTree = "<group>";
		};
		84CEC57628648ED50099357E /* LaunchScreen.storyboard */ = {
			isa = PBXVariantGroup;
			children = (
				84CEC57728648ED50099357E /* Base */,
			);
			name = LaunchScreen.storyboard;
			sourceTree = "<group>";
		};
/* End PBXVariantGroup section */

/* Begin XCBuildConfiguration section */
		84CEC57A28648ED50099357E /* Debug */ = {
			isa = XCBuildConfiguration;
			buildSettings = {
				ALWAYS_SEARCH_USER_PATHS = NO;
				CLANG_ANALYZER_NONNULL = YES;
				CLANG_ANALYZER_NUMBER_OBJECT_CONVERSION = YES_AGGRESSIVE;
				CLANG_CXX_LANGUAGE_STANDARD = "gnu++17";
				CLANG_ENABLE_MODULES = YES;
				CLANG_ENABLE_OBJC_ARC = YES;
				CLANG_ENABLE_OBJC_WEAK = YES;
				CLANG_WARN_BLOCK_CAPTURE_AUTORELEASING = YES;
				CLANG_WARN_BOOL_CONVERSION = YES;
				CLANG_WARN_COMMA = YES;
				CLANG_WARN_CONSTANT_CONVERSION = YES;
				CLANG_WARN_DEPRECATED_OBJC_IMPLEMENTATIONS = YES;
				CLANG_WARN_DIRECT_OBJC_ISA_USAGE = YES_ERROR;
				CLANG_WARN_DOCUMENTATION_COMMENTS = YES;
				CLANG_WARN_EMPTY_BODY = YES;
				CLANG_WARN_ENUM_CONVERSION = YES;
				CLANG_WARN_INFINITE_RECURSION = YES;
				CLANG_WARN_INT_CONVERSION = YES;
				CLANG_WARN_NON_LITERAL_NULL_CONVERSION = YES;
				CLANG_WARN_OBJC_IMPLICIT_RETAIN_SELF = YES;
				CLANG_WARN_OBJC_LITERAL_CONVERSION = YES;
				CLANG_WARN_OBJC_ROOT_CLASS = YES_ERROR;
				CLANG_WARN_QUOTED_INCLUDE_IN_FRAMEWORK_HEADER = YES;
				CLANG_WARN_RANGE_LOOP_ANALYSIS = YES;
				CLANG_WARN_STRICT_PROTOTYPES = YES;
				CLANG_WARN_SUSPICIOUS_MOVE = YES;
				CLANG_WARN_UNGUARDED_AVAILABILITY = YES_AGGRESSIVE;
				CLANG_WARN_UNREACHABLE_CODE = YES;
				CLANG_WARN__DUPLICATE_METHOD_MATCH = YES;
				COPY_PHASE_STRIP = NO;
				DEBUG_INFORMATION_FORMAT = dwarf;
				ENABLE_STRICT_OBJC_MSGSEND = YES;
				ENABLE_TESTABILITY = YES;
				GCC_C_LANGUAGE_STANDARD = gnu11;
				GCC_DYNAMIC_NO_PIC = NO;
				GCC_NO_COMMON_BLOCKS = YES;
				GCC_OPTIMIZATION_LEVEL = 0;
				GCC_PREPROCESSOR_DEFINITIONS = (
					"DEBUG=1",
					"$(inherited)",
				);
				GCC_WARN_64_TO_32_BIT_CONVERSION = YES;
				GCC_WARN_ABOUT_RETURN_TYPE = YES_ERROR;
				GCC_WARN_UNDECLARED_SELECTOR = YES;
				GCC_WARN_UNINITIALIZED_AUTOS = YES_AGGRESSIVE;
				GCC_WARN_UNUSED_FUNCTION = YES;
				GCC_WARN_UNUSED_VARIABLE = YES;
				IPHONEOS_DEPLOYMENT_TARGET = 15.5;
				MTL_ENABLE_DEBUG_INFO = INCLUDE_SOURCE;
				MTL_FAST_MATH = YES;
				ONLY_ACTIVE_ARCH = YES;
				SDKROOT = iphoneos;
				SWIFT_ACTIVE_COMPILATION_CONDITIONS = DEBUG;
				SWIFT_OPTIMIZATION_LEVEL = "-Onone";
			};
			name = Debug;
		};
		84CEC57B28648ED50099357E /* Release */ = {
			isa = XCBuildConfiguration;
			buildSettings = {
				ALWAYS_SEARCH_USER_PATHS = NO;
				CLANG_ANALYZER_NONNULL = YES;
				CLANG_ANALYZER_NUMBER_OBJECT_CONVERSION = YES_AGGRESSIVE;
				CLANG_CXX_LANGUAGE_STANDARD = "gnu++17";
				CLANG_ENABLE_MODULES = YES;
				CLANG_ENABLE_OBJC_ARC = YES;
				CLANG_ENABLE_OBJC_WEAK = YES;
				CLANG_WARN_BLOCK_CAPTURE_AUTORELEASING = YES;
				CLANG_WARN_BOOL_CONVERSION = YES;
				CLANG_WARN_COMMA = YES;
				CLANG_WARN_CONSTANT_CONVERSION = YES;
				CLANG_WARN_DEPRECATED_OBJC_IMPLEMENTATIONS = YES;
				CLANG_WARN_DIRECT_OBJC_ISA_USAGE = YES_ERROR;
				CLANG_WARN_DOCUMENTATION_COMMENTS = YES;
				CLANG_WARN_EMPTY_BODY = YES;
				CLANG_WARN_ENUM_CONVERSION = YES;
				CLANG_WARN_INFINITE_RECURSION = YES;
				CLANG_WARN_INT_CONVERSION = YES;
				CLANG_WARN_NON_LITERAL_NULL_CONVERSION = YES;
				CLANG_WARN_OBJC_IMPLICIT_RETAIN_SELF = YES;
				CLANG_WARN_OBJC_LITERAL_CONVERSION = YES;
				CLANG_WARN_OBJC_ROOT_CLASS = YES_ERROR;
				CLANG_WARN_QUOTED_INCLUDE_IN_FRAMEWORK_HEADER = YES;
				CLANG_WARN_RANGE_LOOP_ANALYSIS = YES;
				CLANG_WARN_STRICT_PROTOTYPES = YES;
				CLANG_WARN_SUSPICIOUS_MOVE = YES;
				CLANG_WARN_UNGUARDED_AVAILABILITY = YES_AGGRESSIVE;
				CLANG_WARN_UNREACHABLE_CODE = YES;
				CLANG_WARN__DUPLICATE_METHOD_MATCH = YES;
				COPY_PHASE_STRIP = NO;
				DEBUG_INFORMATION_FORMAT = "dwarf-with-dsym";
				ENABLE_NS_ASSERTIONS = NO;
				ENABLE_STRICT_OBJC_MSGSEND = YES;
				GCC_C_LANGUAGE_STANDARD = gnu11;
				GCC_NO_COMMON_BLOCKS = YES;
				GCC_WARN_64_TO_32_BIT_CONVERSION = YES;
				GCC_WARN_ABOUT_RETURN_TYPE = YES_ERROR;
				GCC_WARN_UNDECLARED_SELECTOR = YES;
				GCC_WARN_UNINITIALIZED_AUTOS = YES_AGGRESSIVE;
				GCC_WARN_UNUSED_FUNCTION = YES;
				GCC_WARN_UNUSED_VARIABLE = YES;
				IPHONEOS_DEPLOYMENT_TARGET = 15.5;
				MTL_ENABLE_DEBUG_INFO = NO;
				MTL_FAST_MATH = YES;
				SDKROOT = iphoneos;
				SWIFT_COMPILATION_MODE = wholemodule;
				SWIFT_OPTIMIZATION_LEVEL = "-O";
				VALIDATE_PRODUCT = YES;
			};
			name = Release;
		};
		84CEC57D28648ED50099357E /* Debug */ = {
			isa = XCBuildConfiguration;
			buildSettings = {
				ASSETCATALOG_COMPILER_APPICON_NAME = AppIcon;
				ASSETCATALOG_COMPILER_GLOBAL_ACCENT_COLOR_NAME = AccentColor;
				CODE_SIGN_STYLE = Automatic;
				CURRENT_PROJECT_VERSION = 1;
				GENERATE_INFOPLIST_FILE = YES;
				INFOPLIST_FILE = ApnaConnect/Info.plist;
				INFOPLIST_KEY_UIApplicationSupportsIndirectInputEvents = YES;
				INFOPLIST_KEY_UILaunchStoryboardName = LaunchScreen;
				INFOPLIST_KEY_UIMainStoryboardFile = Main;
				INFOPLIST_KEY_UISupportedInterfaceOrientations = UIInterfaceOrientationPortrait;
				INFOPLIST_KEY_UISupportedInterfaceOrientations_iPad = "UIInterfaceOrientationPortrait UIInterfaceOrientationPortraitUpsideDown UIInterfaceOrientationLandscapeLeft UIInterfaceOrientationLandscapeRight";
				INFOPLIST_KEY_UISupportedInterfaceOrientations_iPhone = "UIInterfaceOrientationPortrait UIInterfaceOrientationLandscapeLeft UIInterfaceOrientationLandscapeRight";
				LD_RUNPATH_SEARCH_PATHS = (
					"$(inherited)",
					"@executable_path/Frameworks",
				);
				MARKETING_VERSION = 1.0;
				PRODUCT_BUNDLE_IDENTIFIER = aapna.ApnaConnect;
				PRODUCT_NAME = "$(TARGET_NAME)";
				SWIFT_EMIT_LOC_STRINGS = YES;
				SWIFT_VERSION = 5.0;
				TARGETED_DEVICE_FAMILY = "1,2";
			};
			name = Debug;
		};
		84CEC57E28648ED50099357E /* Release */ = {
			isa = XCBuildConfiguration;
			buildSettings = {
				ASSETCATALOG_COMPILER_APPICON_NAME = AppIcon;
				ASSETCATALOG_COMPILER_GLOBAL_ACCENT_COLOR_NAME = AccentColor;
				CODE_SIGN_STYLE = Automatic;
				CURRENT_PROJECT_VERSION = 1;
				GENERATE_INFOPLIST_FILE = YES;
				INFOPLIST_FILE = ApnaConnect/Info.plist;
				INFOPLIST_KEY_UIApplicationSupportsIndirectInputEvents = YES;
				INFOPLIST_KEY_UILaunchStoryboardName = LaunchScreen;
				INFOPLIST_KEY_UIMainStoryboardFile = Main;
				INFOPLIST_KEY_UISupportedInterfaceOrientations = UIInterfaceOrientationPortrait;
				INFOPLIST_KEY_UISupportedInterfaceOrientations_iPad = "UIInterfaceOrientationPortrait UIInterfaceOrientationPortraitUpsideDown UIInterfaceOrientationLandscapeLeft UIInterfaceOrientationLandscapeRight";
				INFOPLIST_KEY_UISupportedInterfaceOrientations_iPhone = "UIInterfaceOrientationPortrait UIInterfaceOrientationLandscapeLeft UIInterfaceOrientationLandscapeRight";
				LD_RUNPATH_SEARCH_PATHS = (
					"$(inherited)",
					"@executable_path/Frameworks",
				);
				MARKETING_VERSION = 1.0;
				PRODUCT_BUNDLE_IDENTIFIER = aapna.ApnaConnect;
				PRODUCT_NAME = "$(TARGET_NAME)";
				SWIFT_EMIT_LOC_STRINGS = YES;
				SWIFT_VERSION = 5.0;
				TARGETED_DEVICE_FAMILY = "1,2";
			};
			name = Release;
		};
/* End XCBuildConfiguration section */

/* Begin XCConfigurationList section */
		84CEC56328648ED00099357E /* Build configuration list for PBXProject "ApnaConnect" */ = {
			isa = XCConfigurationList;
			buildConfigurations = (
				84CEC57A28648ED50099357E /* Debug */,
				84CEC57B28648ED50099357E /* Release */,
			);
			defaultConfigurationIsVisible = 0;
			defaultConfigurationName = Release;
		};
		84CEC57C28648ED50099357E /* Build configuration list for PBXNativeTarget "ApnaConnect" */ = {
			isa = XCConfigurationList;
			buildConfigurations = (
				84CEC57D28648ED50099357E /* Debug */,
				84CEC57E28648ED50099357E /* Release */,
			);
			defaultConfigurationIsVisible = 0;
			defaultConfigurationName = Release;
		};
/* End XCConfigurationList section */
	};
	rootObject = 84CEC56028648ED00099357E /* Project object */;
}
